{
  "requires": true,
  "lockfileVersion": 1,
  "dependencies": {
    "minimist": {
      "version": "1.2.0",
      "resolved": "https://registry.npmjs.org/minimist/-/minimist-1.2.0.tgz",
      "integrity": "sha1-o1AIsg9BOD7sH7kU9M1d95omQoQ="
    },
    "updns": {
      "version": "1.2.1",
      "resolved": "https://registry.npmjs.org/updns/-/updns-1.2.1.tgz",
      "integrity": "sha512-rUpXGoFIjdelsNuY8/2dFvQOj5kZqkU6223BHj05odUkoJ3Y06O9A9eQO9SgitIgca/PUICCzvjn3pbXam7WJA=="
    }
  }
}
